<?xml version="1.0" encoding="utf-8"?>
<Project ToolsVersion="Current" xmlns="http://schemas.microsoft.com/developer/msbuild/2003">
  <ItemGroup>
    <ClCompile Include="test.cpp" />
    <ClCompile Include="..\AdventureGame\BaseHealth.cpp">
      <Filter>Source Files</Filter>
    </ClCompile>
    <ClCompile Include="..\AdventureGame\Consumable.cpp">
      <Filter>Source Files</Filter>
    </ClCompile>
    <ClCompile Include="..\AdventureGame\ContextParser.cpp">
      <Filter>Source Files</Filter>
    </ClCompile>
    <ClCompile Include="..\AdventureGame\Inventory.cpp">
      <Filter>Source Files</Filter>
    </ClCompile>
    <ClCompile Include="..\AdventureGame\Item.cpp">
      <Filter>Source Files</Filter>
    </ClCompile>
    <ClCompile Include="..\AdventureGame\Location.cpp">
      <Filter>Source Files</Filter>
    </ClCompile>
    <ClCompile Include="..\AdventureGame\PlayerActions.cpp">
      <Filter>Source Files</Filter>
    </ClCompile>
    <ClCompile Include="..\AdventureGame\CommonGameObjects.cpp">
      <Filter>Source Files</Filter>
    </ClCompile>
    <ClCompile Include="..\AdventureGame\PrintDisplay.cpp">
      <Filter>Source Files</Filter>
    </ClCompile>
    <ClCompile Include="..\AdventureGame\NPC.cpp">
      <Filter>Source Files</Filter>
    </ClCompile>
    <ClCompile Include="..\AdventureGame\Knight.cpp">
      <Filter>Source Files</Filter>
    </ClCompile>
    <ClCompile Include="..\AdventureGame\Princess.cpp">
      <Filter>Source Files</Filter>
    </ClCompile>
    <ClCompile Include="..\AdventureGame\Wolf.cpp">
      <Filter>Source Files</Filter>
    </ClCompile>
  </ItemGroup>
  <ItemGroup>
    <None Include="packages.config" />
  </ItemGroup>
  <ItemGroup>
    <Filter Include="Source Files">
      <UniqueIdentifier>{7f667a92-7168-492f-8f9f-9bd0208dba70}</UniqueIdentifier>
    </Filter>
  </ItemGroup>
</Project>